
Microsoft Visual Studio Solution File, Format Version 12.00
# Visual Studio Version 17
VisualStudioVersion = 17.10.34928.147
MinimumVisualStudioVersion = 10.0.40219.1
Project("{FAE04EC0-301F-11D3-BF4B-00C04F79EFBC}") = "walletbuget", "walletbuget\walletbuget.csproj", "{3B1ACCD1-5C6D-4308-9472-6027BD806890}"
EndProject
Global
	GlobalSection(SolutionConfigurationPlatforms) = preSolution
		Debug|Any CPU = Debug|Any CPU
		Release|Any CPU = Release|Any CPU
	EndGlobalSection
	GlobalSection(ProjectConfigurationPlatforms) = postSolution
		{3B1ACCD1-5C6D-4308-9472-6027BD806890}.Debug|Any CPU.ActiveCfg = Debug|Any CPU
		{3B1ACCD1-5C6D-4308-9472-6027BD806890}.Debug|Any CPU.Build.0 = Debug|Any CPU
		{3B1ACCD1-5C6D-4308-9472-6027BD806890}.Release|Any CPU.ActiveCfg = Release|Any CPU
		{3B1ACCD1-5C6D-4308-9472-6027BD806890}.Release|Any CPU.Build.0 = Release|Any CPU
	EndGlobalSection
	GlobalSection(SolutionProperties) = preSolution
		HideSolutionNode = FALSE
	EndGlobalSection
	GlobalSection(ExtensibilityGlobals) = postSolution
		SolutionGuid = {5ACC2E76-5386-4C59-9D19-A3AA07984183}
	EndGlobalSection
EndGlobal
